
Microsoft Visual Studio Solution File, Format Version 12.00
# Visual Studio Version 17
VisualStudioVersion = 17.5.33502.453
MinimumVisualStudioVersion = 10.0.40219.1
Project("{FAE04EC0-301F-11D3-BF4B-00C04F79EFBC}") = "SalesWebMvc", "SalesWebMvc\SalesWebMvc.csproj", "{A08FC28E-8760-46CD-9BBD-E88BAAEC6E90}"
EndProject
Global
	GlobalSection(SolutionConfigurationPlatforms) = preSolution
		Debug|Any CPU = Debug|Any CPU
		Release|Any CPU = Release|Any CPU
	EndGlobalSection
	GlobalSection(ProjectConfigurationPlatforms) = postSolution
		{A08FC28E-8760-46CD-9BBD-E88BAAEC6E90}.Debug|Any CPU.ActiveCfg = Debug|Any CPU
		{A08FC28E-8760-46CD-9BBD-E88BAAEC6E90}.Debug|Any CPU.Build.0 = Debug|Any CPU
		{A08FC28E-8760-46CD-9BBD-E88BAAEC6E90}.Release|Any CPU.ActiveCfg = Release|Any CPU
		{A08FC28E-8760-46CD-9BBD-E88BAAEC6E90}.Release|Any CPU.Build.0 = Release|Any CPU
	EndGlobalSection
	GlobalSection(SolutionProperties) = preSolution
		HideSolutionNode = FALSE
	EndGlobalSection
	GlobalSection(ExtensibilityGlobals) = postSolution
		SolutionGuid = {5E9825D2-EFE6-4185-A1D4-2E0C4AC9C6FF}
	EndGlobalSection
EndGlobal
