
Microsoft Visual Studio Solution File, Format Version 12.00
# Visual Studio Version 17
VisualStudioVersion = 17.5.33627.172
MinimumVisualStudioVersion = 10.0.40219.1
Project("{FAE04EC0-301F-11D3-BF4B-00C04F79EFBC}") = "SalesWebMvc", "SalesWebMvc\SalesWebMvc.csproj", "{9657508F-7F04-4F75-B7DB-A87FA3EA9977}"
EndProject
Global
	GlobalSection(SolutionConfigurationPlatforms) = preSolution
		Debug|Any CPU = Debug|Any CPU
		Release|Any CPU = Release|Any CPU
	EndGlobalSection
	GlobalSection(ProjectConfigurationPlatforms) = postSolution
		{9657508F-7F04-4F75-B7DB-A87FA3EA9977}.Debug|Any CPU.ActiveCfg = Debug|Any CPU
		{9657508F-7F04-4F75-B7DB-A87FA3EA9977}.Debug|Any CPU.Build.0 = Debug|Any CPU
		{9657508F-7F04-4F75-B7DB-A87FA3EA9977}.Release|Any CPU.ActiveCfg = Release|Any CPU
		{9657508F-7F04-4F75-B7DB-A87FA3EA9977}.Release|Any CPU.Build.0 = Release|Any CPU
	EndGlobalSection
	GlobalSection(SolutionProperties) = preSolution
		HideSolutionNode = FALSE
	EndGlobalSection
	GlobalSection(ExtensibilityGlobals) = postSolution
		SolutionGuid = {BCCDF37A-77B7-4EC6-AAB8-B4CD64DACF6C}
	EndGlobalSection
EndGlobal
